
Microsoft Visual Studio Solution File, Format Version 12.00
# Visual Studio Version 17
VisualStudioVersion = 17.5.002.0
MinimumVisualStudioVersion = 10.0.40219.1
Project("{9A19103F-16F7-4668-BE54-9A1E7A4F7556}") = "ToDoListApp", "ToDoListApp.csproj", "{9807C9E4-3460-43E1-AC40-DBF5F03BF750}"
EndProject
Global
	GlobalSection(SolutionConfigurationPlatforms) = preSolution
		Debug|Any CPU = Debug|Any CPU
		Release|Any CPU = Release|Any CPU
	EndGlobalSection
	GlobalSection(ProjectConfigurationPlatforms) = postSolution
		{9807C9E4-3460-43E1-AC40-DBF5F03BF750}.Debug|Any CPU.ActiveCfg = Debug|Any CPU
		{9807C9E4-3460-43E1-AC40-DBF5F03BF750}.Debug|Any CPU.Build.0 = Debug|Any CPU
		{9807C9E4-3460-43E1-AC40-DBF5F03BF750}.Release|Any CPU.ActiveCfg = Release|Any CPU
		{9807C9E4-3460-43E1-AC40-DBF5F03BF750}.Release|Any CPU.Build.0 = Release|Any CPU
	EndGlobalSection
	GlobalSection(SolutionProperties) = preSolution
		HideSolutionNode = FALSE
	EndGlobalSection
	GlobalSection(ExtensibilityGlobals) = postSolution
		SolutionGuid = {7EF891BB-50B1-4099-A2FB-D659AC79B3A3}
	EndGlobalSection
EndGlobal
